
Microsoft Visual Studio Solution File, Format Version 12.00
# Visual Studio 14
VisualStudioVersion = 14.0.24720.0
MinimumVisualStudioVersion = 10.0.40219.1
Project("{FAE04EC0-301F-11D3-BF4B-00C04F79EFBC}") = "Pigreco", "Pigreco\Pigreco.csproj", "{4DDCBA10-179A-4568-A22C-0DF04624149E}"
EndProject
Global
	GlobalSection(SolutionConfigurationPlatforms) = preSolution
		Debug|Any CPU = Debug|Any CPU
		Release|Any CPU = Release|Any CPU
	EndGlobalSection
	GlobalSection(ProjectConfigurationPlatforms) = postSolution
		{4DDCBA10-179A-4568-A22C-0DF04624149E}.Debug|Any CPU.ActiveCfg = Debug|Any CPU
		{4DDCBA10-179A-4568-A22C-0DF04624149E}.Debug|Any CPU.Build.0 = Debug|Any CPU
		{4DDCBA10-179A-4568-A22C-0DF04624149E}.Release|Any CPU.ActiveCfg = Release|Any CPU
		{4DDCBA10-179A-4568-A22C-0DF04624149E}.Release|Any CPU.Build.0 = Release|Any CPU
	EndGlobalSection
	GlobalSection(SolutionProperties) = preSolution
		HideSolutionNode = FALSE
	EndGlobalSection
EndGlobal
